{
  "name": "testajs",
  "version": "1.0.0",
  "lockfileVersion": 1,
  "requires": true,
  "dependencies": {
    "@DenGreen/ajs": {
      "version": "1.0.0",
      "resolved": "https://npm.pkg.github.com/download/@DenGreen/ajs/1.0.0/446a6204da0b4f5c776d6ef0bb16e4bf4bdbdf04695b6b85db4604b7cea0765d",
      "integrity": "sha512-/Ckc+wppGJvcggX8zHgjyZAgBL5ndq6ah5crIsjkeP4L5vvR5HAdKyr3jdZIMr4mR3ou15XOum3xcrrekHsxIA=="
    }
  }
}
